{
  "originHash" : "46403970abb504ef8cbab09f2d5cf70cc1e97c7d760744bca062a511effa0da6",
  "pins" : [
    {
      "identity" : "tealium-swift",
      "kind" : "remoteSourceControl",
      "location" : "https://github.com/tealium/tealium-swift",
      "state" : {
        "revision" : "a2ae13c20667d1d34bc0150cbfa79805e928eb15",
        "version" : "2.18.2"
      }
    }
  ],
  "version" : 3
}
