// !$*UTF8*$!
{
	archiveVersion = 1;
	classes = {
	};
	objectVersion = 77;
	objects = {

/* Begin PBXBuildFile section */
		FA60F22A2F59445100185908 /* NumberField.swift in Sources */ = {isa = PBXBuildFile; fileRef = FA60F2292F59445100185908 /* NumberField.swift */; };
		FA60F22C2F59523A00185908 /* Stats.swift in Sources */ = {isa = PBXBuildFile; fileRef = FA60F22B2F59523A00185908 /* Stats.swift */; };
/* End PBXBuildFile section */

/* Begin PBXContainerItemProxy section */
		FA93516D2F5930A8006A1BDD /* PBXContainerItemProxy */ = {
			isa = PBXContainerItemProxy;
			containerPortal = FA9351562F5930A6006A1BDD /* Project object */;
			proxyType = 1;
			remoteGlobalIDString = FA93515D2F5930A6006A1BDD;
			remoteInfo = TealiumBallinStatCalculator;
		};
		FA9351772F5930A8006A1BDD /* PBXContainerItemProxy */ = {
			isa = PBXContainerItemProxy;
			containerPortal = FA9351562F5930A6006A1BDD /* Project object */;
			proxyType = 1;
			remoteGlobalIDString = FA93515D2F5930A6006A1BDD;
			remoteInfo = TealiumBallinStatCalculator;
		};
/* End PBXContainerItemProxy section */

/* Begin PBXFileReference section */
		FA60F2292F59445100185908 /* NumberField.swift */ = {isa = PBXFileReference; lastKnownFileType = sourcecode.swift; path = NumberField.swift; sourceTree = "<group>"; };
		FA60F22B2F59523A00185908 /* Stats.swift */ = {isa = PBXFileReference; lastKnownFileType = sourcecode.swift; path = Stats.swift; sourceTree = "<group>"; };
		FA93515E2F5930A6006A1BDD /* TealiumBallinStatCalculator.app */ = {isa = PBXFileReference; explicitFileType = wrapper.application; includeInIndex = 0; path = TealiumBallinStatCalculator.app; sourceTree = BUILT_PRODUCTS_DIR; };
		FA93516C2F5930A8006A1BDD /* TealiumBallinStatCalculatorTests.xctest */ = {isa = PBXFileReference; explicitFileType = wrapper.cfbundle; includeInIndex = 0; path = TealiumBallinStatCalculatorTests.xctest; sourceTree = BUILT_PRODUCTS_DIR; };
		FA9351762F5930A8006A1BDD /* TealiumBallinStatCalculatorUITests.xctest */ = {isa = PBXFileReference; explicitFileType = wrapper.cfbundle; includeInIndex = 0; path = TealiumBallinStatCalculatorUITests.xctest; sourceTree = BUILT_PRODUCTS_DIR; };
/* End PBXFileReference section */

/* Begin PBXFileSystemSynchronizedRootGroup section */
		FA9351602F5930A6006A1BDD /* TealiumBallinStatCalculator */ = {
			isa = PBXFileSystemSynchronizedRootGroup;
			path = TealiumBallinStatCalculator;
			sourceTree = "<group>";
		};
		FA93516F2F5930A8006A1BDD /* TealiumBallinStatCalculatorTests */ = {
			isa = PBXFileSystemSynchronizedRootGroup;
			path = TealiumBallinStatCalculatorTests;
			sourceTree = "<group>";
		};
		FA9351792F5930A8006A1BDD /* TealiumBallinStatCalculatorUITests */ = {
			isa = PBXFileSystemSynchronizedRootGroup;
			path = TealiumBallinStatCalculatorUITests;
			sourceTree = "<group>";
		};
/* End PBXFileSystemSynchronizedRootGroup section */

/* Begin PBXFrameworksBuildPhase section */
		FA93515B2F5930A6006A1BDD /* Frameworks */ = {
			isa = PBXFrameworksBuildPhase;
			buildActionMask = 2147483647;
			files = (
			);
			runOnlyForDeploymentPostprocessing = 0;
		};
		FA9351692F5930A8006A1BDD /* Frameworks */ = {
			isa = PBXFrameworksBuildPhase;
			buildActionMask = 2147483647;
			files = (
			);
			runOnlyForDeploymentPostprocessing = 0;
		};
		FA9351732F5930A8006A1BDD /* Frameworks */ = {
			isa = PBXFrameworksBuildPhase;
			buildActionMask = 2147483647;
			files = (
			);
			runOnlyForDeploymentPostprocessing = 0;
		};
/* End PBXFrameworksBuildPhase section */

/* Begin PBXGroup section */
		FA9351552F5930A6006A1BDD = {
			isa = PBXGroup;
			children = (
				FA60F22B2F59523A00185908 /* Stats.swift */,
				FA60F2292F59445100185908 /* NumberField.swift */,
				FA9351602F5930A6006A1BDD /* TealiumBallinStatCalculator */,
				FA93516F2F5930A8006A1BDD /* TealiumBallinStatCalculatorTests */,
				FA9351792F5930A8006A1BDD /* TealiumBallinStatCalculatorUITests */,
				FA93515F2F5930A6006A1BDD /* Products */,
			);
			sourceTree = "<group>";
		};
		FA93515F2F5930A6006A1BDD /* Products */ = {
			isa = PBXGroup;
			children = (
				FA93515E2F5930A6006A1BDD /* TealiumBallinStatCalculator.app */,
				FA93516C2F5930A8006A1BDD /* TealiumBallinStatCalculatorTests.xctest */,
				FA9351762F5930A8006A1BDD /* TealiumBallinStatCalculatorUITests.xctest */,
			);
			name = Products;
			sourceTree = "<group>";
		};
/* End PBXGroup section */

/* Begin PBXNativeTarget section */
		FA93515D2F5930A6006A1BDD /* TealiumBallinStatCalculator */ = {
			isa = PBXNativeTarget;
			buildConfigurationList = FA9351802F5930A8006A1BDD /* Build configuration list for PBXNativeTarget "TealiumBallinStatCalculator" */;
			buildPhases = (
				FA93515A2F5930A6006A1BDD /* Sources */,
				FA93515B2F5930A6006A1BDD /* Frameworks */,
				FA93515C2F5930A6006A1BDD /* Resources */,
			);
			buildRules = (
			);
			dependencies = (
			);
			fileSystemSynchronizedGroups = (
				FA9351602F5930A6006A1BDD /* TealiumBallinStatCalculator */,
			);
			name = TealiumBallinStatCalculator;
			packageProductDependencies = (
			);
			productName = TealiumBallinStatCalculator;
			productReference = FA93515E2F5930A6006A1BDD /* TealiumBallinStatCalculator.app */;
			productType = "com.apple.product-type.application";
		};
		FA93516B2F5930A8006A1BDD /* TealiumBallinStatCalculatorTests */ = {
			isa = PBXNativeTarget;
			buildConfigurationList = FA9351832F5930A8006A1BDD /* Build configuration list for PBXNativeTarget "TealiumBallinStatCalculatorTests" */;
			buildPhases = (
				FA9351682F5930A8006A1BDD /* Sources */,
				FA9351692F5930A8006A1BDD /* Frameworks */,
				FA93516A2F5930A8006A1BDD /* Resources */,
			);
			buildRules = (
			);
			dependencies = (
				FA93516E2F5930A8006A1BDD /* PBXTargetDependency */,
			);
			fileSystemSynchronizedGroups = (
				FA93516F2F5930A8006A1BDD /* TealiumBallinStatCalculatorTests */,
			);
			name = TealiumBallinStatCalculatorTests;
			packageProductDependencies = (
			);
			productName = TealiumBallinStatCalculatorTests;
			productReference = FA93516C2F5930A8006A1BDD /* TealiumBallinStatCalculatorTests.xctest */;
			productType = "com.apple.product-type.bundle.unit-test";
		};
		FA9351752F5930A8006A1BDD /* TealiumBallinStatCalculatorUITests */ = {
			isa = PBXNativeTarget;
			buildConfigurationList = FA9351862F5930A8006A1BDD /* Build configuration list for PBXNativeTarget "TealiumBallinStatCalculatorUITests" */;
			buildPhases = (
				FA9351722F5930A8006A1BDD /* Sources */,
				FA9351732F5930A8006A1BDD /* Frameworks */,
				FA9351742F5930A8006A1BDD /* Resources */,
			);
			buildRules = (
			);
			dependencies = (
				FA9351782F5930A8006A1BDD /* PBXTargetDependency */,
			);
			fileSystemSynchronizedGroups = (
				FA9351792F5930A8006A1BDD /* TealiumBallinStatCalculatorUITests */,
			);
			name = TealiumBallinStatCalculatorUITests;
			packageProductDependencies = (
			);
			productName = TealiumBallinStatCalculatorUITests;
			productReference = FA9351762F5930A8006A1BDD /* TealiumBallinStatCalculatorUITests.xctest */;
			productType = "com.apple.product-type.bundle.ui-testing";
		};
/* End PBXNativeTarget section */

/* Begin PBXProject section */
		FA9351562F5930A6006A1BDD /* Project object */ = {
			isa = PBXProject;
			attributes = {
				BuildIndependentTargetsInParallel = 1;
				LastSwiftUpdateCheck = 1640;
				LastUpgradeCheck = 1640;
				TargetAttributes = {
					FA93515D2F5930A6006A1BDD = {
						CreatedOnToolsVersion = 16.4;
					};
					FA93516B2F5930A8006A1BDD = {
						CreatedOnToolsVersion = 16.4;
						TestTargetID = FA93515D2F5930A6006A1BDD;
					};
					FA9351752F5930A8006A1BDD = {
						CreatedOnToolsVersion = 16.4;
						TestTargetID = FA93515D2F5930A6006A1BDD;
					};
				};
			};
			buildConfigurationList = FA9351592F5930A6006A1BDD /* Build configuration list for PBXProject "TealiumBallinStatCalculator" */;
			developmentRegion = en;
			hasScannedForEncodings = 0;
			knownRegions = (
				en,
				Base,
			);
			mainGroup = FA9351552F5930A6006A1BDD;
			minimizedProjectReferenceProxies = 1;
			preferredProjectObjectVersion = 77;
			productRefGroup = FA93515F2F5930A6006A1BDD /* Products */;
			projectDirPath = "";
			projectRoot = "";
			targets = (
				FA93515D2F5930A6006A1BDD /* TealiumBallinStatCalculator */,
				FA93516B2F5930A8006A1BDD /* TealiumBallinStatCalculatorTests */,
				FA9351752F5930A8006A1BDD /* TealiumBallinStatCalculatorUITests */,
			);
		};
/* End PBXProject section */

/* Begin PBXResourcesBuildPhase section */
		FA93515C2F5930A6006A1BDD /* Resources */ = {
			isa = PBXResourcesBuildPhase;
			buildActionMask = 2147483647;
			files = (
			);
			runOnlyForDeploymentPostprocessing = 0;
		};
		FA93516A2F5930A8006A1BDD /* Resources */ = {
			isa = PBXResourcesBuildPhase;
			buildActionMask = 2147483647;
			files = (
			);
			runOnlyForDeploymentPostprocessing = 0;
		};
		FA9351742F5930A8006A1BDD /* Resources */ = {
			isa = PBXResourcesBuildPhase;
			buildActionMask = 2147483647;
			files = (
			);
			runOnlyForDeploymentPostprocessing = 0;
		};
/* End PBXResourcesBuildPhase section */

/* Begin PBXSourcesBuildPhase section */
		FA93515A2F5930A6006A1BDD /* Sources */ = {
			isa = PBXSourcesBuildPhase;
			buildActionMask = 2147483647;
			files = (
				FA60F22C2F59523A00185908 /* Stats.swift in Sources */,
				FA60F22A2F59445100185908 /* NumberField.swift in Sources */,
			);
			runOnlyForDeploymentPostprocessing = 0;
		};
		FA9351682F5930A8006A1BDD /* Sources */ = {
			isa = PBXSourcesBuildPhase;
			buildActionMask = 2147483647;
			files = (
			);
			runOnlyForDeploymentPostprocessing = 0;
		};
		FA9351722F5930A8006A1BDD /* Sources */ = {
			isa = PBXSourcesBuildPhase;
			buildActionMask = 2147483647;
			files = (
			);
			runOnlyForDeploymentPostprocessing = 0;
		};
/* End PBXSourcesBuildPhase section */

/* Begin PBXTargetDependency section */
		FA93516E2F5930A8006A1BDD /* PBXTargetDependency */ = {
			isa = PBXTargetDependency;
			target = FA93515D2F5930A6006A1BDD /* TealiumBallinStatCalculator */;
			targetProxy = FA93516D2F5930A8006A1BDD /* PBXContainerItemProxy */;
		};
		FA9351782F5930A8006A1BDD /* PBXTargetDependency */ = {
			isa = PBXTargetDependency;
			target = FA93515D2F5930A6006A1BDD /* TealiumBallinStatCalculator */;
			targetProxy = FA9351772F5930A8006A1BDD /* PBXContainerItemProxy */;
		};
/* End PBXTargetDependency section */

/* Begin XCBuildConfiguration section */
		FA93517E2F5930A8006A1BDD /* Debug */ = {
			isa = XCBuildConfiguration;
			buildSettings = {
				ALWAYS_SEARCH_USER_PATHS = NO;
				ASSETCATALOG_COMPILER_GENERATE_SWIFT_ASSET_SYMBOL_EXTENSIONS = YES;
				CLANG_ANALYZER_NONNULL = YES;
				CLANG_ANALYZER_NUMBER_OBJECT_CONVERSION = YES_AGGRESSIVE;
				CLANG_CXX_LANGUAGE_STANDARD = "gnu++20";
				CLANG_ENABLE_MODULES = YES;
				CLANG_ENABLE_OBJC_ARC = YES;
				CLANG_ENABLE_OBJC_WEAK = YES;
				CLANG_WARN_BLOCK_CAPTURE_AUTORELEASING = YES;
				CLANG_WARN_BOOL_CONVERSION = YES;
				CLANG_WARN_COMMA = YES;
				CLANG_WARN_CONSTANT_CONVERSION = YES;
				CLANG_WARN_DEPRECATED_OBJC_IMPLEMENTATIONS = YES;
				CLANG_WARN_DIRECT_OBJC_ISA_USAGE = YES_ERROR;
				CLANG_WARN_DOCUMENTATION_COMMENTS = YES;
				CLANG_WARN_EMPTY_BODY = YES;
				CLANG_WARN_ENUM_CONVERSION = YES;
				CLANG_WARN_INFINITE_RECURSION = YES;
				CLANG_WARN_INT_CONVERSION = YES;
				CLANG_WARN_NON_LITERAL_NULL_CONVERSION = YES;
				CLANG_WARN_OBJC_IMPLICIT_RETAIN_SELF = YES;
				CLANG_WARN_OBJC_LITERAL_CONVERSION = YES;
				CLANG_WARN_OBJC_ROOT_CLASS = YES_ERROR;
				CLANG_WARN_QUOTED_INCLUDE_IN_FRAMEWORK_HEADER = YES;
				CLANG_WARN_RANGE_LOOP_ANALYSIS = YES;
				CLANG_WARN_STRICT_PROTOTYPES = YES;
				CLANG_WARN_SUSPICIOUS_MOVE = YES;
				CLANG_WARN_UNGUARDED_AVAILABILITY = YES_AGGRESSIVE;
				CLANG_WARN_UNREACHABLE_CODE = YES;
				CLANG_WARN__DUPLICATE_METHOD_MATCH = YES;
				COPY_PHASE_STRIP = NO;
				DEBUG_INFORMATION_FORMAT = dwarf;
				DEVELOPMENT_TEAM = 5HUASD7R65;
				ENABLE_STRICT_OBJC_MSGSEND = YES;
				ENABLE_TESTABILITY = YES;
				ENABLE_USER_SCRIPT_SANDBOXING = YES;
				GCC_C_LANGUAGE_STANDARD = gnu17;
				GCC_DYNAMIC_NO_PIC = NO;
				GCC_NO_COMMON_BLOCKS = YES;
				GCC_OPTIMIZATION_LEVEL = 0;
				GCC_PREPROCESSOR_DEFINITIONS = (
					"DEBUG=1",
					"$(inherited)",
				);
				GCC_WARN_64_TO_32_BIT_CONVERSION = YES;
				GCC_WARN_ABOUT_RETURN_TYPE = YES_ERROR;
				GCC_WARN_UNDECLARED_SELECTOR = YES;
				GCC_WARN_UNINITIALIZED_AUTOS = YES_AGGRESSIVE;
				GCC_WARN_UNUSED_FUNCTION = YES;
				GCC_WARN_UNUSED_VARIABLE = YES;
				LOCALIZATION_PREFERS_STRING_CATALOGS = YES;
				MTL_ENABLE_DEBUG_INFO = INCLUDE_SOURCE;
				MTL_FAST_MATH = YES;
				ONLY_ACTIVE_ARCH = YES;
				SWIFT_ACTIVE_COMPILATION_CONDITIONS = "DEBUG $(inherited)";
				SWIFT_OPTIMIZATION_LEVEL = "-Onone";
			};
			name = Debug;
		};
		FA93517F2F5930A8006A1BDD /* Release */ = {
			isa = XCBuildConfiguration;
			buildSettings = {
				ALWAYS_SEARCH_USER_PATHS = NO;
				ASSETCATALOG_COMPILER_GENERATE_SWIFT_ASSET_SYMBOL_EXTENSIONS = YES;
				CLANG_ANALYZER_NONNULL = YES;
				CLANG_ANALYZER_NUMBER_OBJECT_CONVERSION = YES_AGGRESSIVE;
				CLANG_CXX_LANGUAGE_STANDARD = "gnu++20";
				CLANG_ENABLE_MODULES = YES;
				CLANG_ENABLE_OBJC_ARC = YES;
				CLANG_ENABLE_OBJC_WEAK = YES;
				CLANG_WARN_BLOCK_CAPTURE_AUTORELEASING = YES;
				CLANG_WARN_BOOL_CONVERSION = YES;
				CLANG_WARN_COMMA = YES;
				CLANG_WARN_CONSTANT_CONVERSION = YES;
				CLANG_WARN_DEPRECATED_OBJC_IMPLEMENTATIONS = YES;
				CLANG_WARN_DIRECT_OBJC_ISA_USAGE = YES_ERROR;
				CLANG_WARN_DOCUMENTATION_COMMENTS = YES;
				CLANG_WARN_EMPTY_BODY = YES;
				CLANG_WARN_ENUM_CONVERSION = YES;
				CLANG_WARN_INFINITE_RECURSION = YES;
				CLANG_WARN_INT_CONVERSION = YES;
				CLANG_WARN_NON_LITERAL_NULL_CONVERSION = YES;
				CLANG_WARN_OBJC_IMPLICIT_RETAIN_SELF = YES;
				CLANG_WARN_OBJC_LITERAL_CONVERSION = YES;
				CLANG_WARN_OBJC_ROOT_CLASS = YES_ERROR;
				CLANG_WARN_QUOTED_INCLUDE_IN_FRAMEWORK_HEADER = YES;
				CLANG_WARN_RANGE_LOOP_ANALYSIS = YES;
				CLANG_WARN_STRICT_PROTOTYPES = YES;
				CLANG_WARN_SUSPICIOUS_MOVE = YES;
				CLANG_WARN_UNGUARDED_AVAILABILITY = YES_AGGRESSIVE;
				CLANG_WARN_UNREACHABLE_CODE = YES;
				CLANG_WARN__DUPLICATE_METHOD_MATCH = YES;
				COPY_PHASE_STRIP = NO;
				DEBUG_INFORMATION_FORMAT = "dwarf-with-dsym";
				DEVELOPMENT_TEAM = 5HUASD7R65;
				ENABLE_NS_ASSERTIONS = NO;
				ENABLE_STRICT_OBJC_MSGSEND = YES;
				ENABLE_USER_SCRIPT_SANDBOXING = YES;
				GCC_C_LANGUAGE_STANDARD = gnu17;
				GCC_NO_COMMON_BLOCKS = YES;
				GCC_WARN_64_TO_32_BIT_CONVERSION = YES;
				GCC_WARN_ABOUT_RETURN_TYPE = YES_ERROR;
				GCC_WARN_UNDECLARED_SELECTOR = YES;
				GCC_WARN_UNINITIALIZED_AUTOS = YES_AGGRESSIVE;
				GCC_WARN_UNUSED_FUNCTION = YES;
				GCC_WARN_UNUSED_VARIABLE = YES;
				LOCALIZATION_PREFERS_STRING_CATALOGS = YES;
				MTL_ENABLE_DEBUG_INFO = NO;
				MTL_FAST_MATH = YES;
				SWIFT_COMPILATION_MODE = wholemodule;
			};
			name = Release;
		};
		FA9351812F5930A8006A1BDD /* Debug */ = {
			isa = XCBuildConfiguration;
			buildSettings = {
				ASSETCATALOG_COMPILER_APPICON_NAME = AppIcon;
				ASSETCATALOG_COMPILER_GLOBAL_ACCENT_COLOR_NAME = AccentColor;
				CODE_SIGN_ENTITLEMENTS = TealiumBallinStatCalculator/TealiumBallinStatCalculator.entitlements;
				CODE_SIGN_STYLE = Automatic;
				CURRENT_PROJECT_VERSION = 1;
				DEVELOPMENT_TEAM = 5HUASD7R65;
				ENABLE_HARDENED_RUNTIME = YES;
				ENABLE_PREVIEWS = YES;
				GENERATE_INFOPLIST_FILE = YES;
				"INFOPLIST_KEY_UIApplicationSceneManifest_Generation[sdk=iphoneos*]" = YES;
				"INFOPLIST_KEY_UIApplicationSceneManifest_Generation[sdk=iphonesimulator*]" = YES;
				"INFOPLIST_KEY_UIApplicationSupportsIndirectInputEvents[sdk=iphoneos*]" = YES;
				"INFOPLIST_KEY_UIApplicationSupportsIndirectInputEvents[sdk=iphonesimulator*]" = YES;
				"INFOPLIST_KEY_UILaunchScreen_Generation[sdk=iphoneos*]" = YES;
				"INFOPLIST_KEY_UILaunchScreen_Generation[sdk=iphonesimulator*]" = YES;
				"INFOPLIST_KEY_UIStatusBarStyle[sdk=iphoneos*]" = UIStatusBarStyleDefault;
				"INFOPLIST_KEY_UIStatusBarStyle[sdk=iphonesimulator*]" = UIStatusBarStyleDefault;
				INFOPLIST_KEY_UISupportedInterfaceOrientations_iPad = "UIInterfaceOrientationPortrait UIInterfaceOrientationPortraitUpsideDown UIInterfaceOrientationLandscapeLeft UIInterfaceOrientationLandscapeRight";
				INFOPLIST_KEY_UISupportedInterfaceOrientations_iPhone = "UIInterfaceOrientationPortrait UIInterfaceOrientationLandscapeLeft UIInterfaceOrientationLandscapeRight";
				IPHONEOS_DEPLOYMENT_TARGET = 18.5;
				LD_RUNPATH_SEARCH_PATHS = "@executable_path/Frameworks";
				"LD_RUNPATH_SEARCH_PATHS[sdk=macosx*]" = "@executable_path/../Frameworks";
				MACOSX_DEPLOYMENT_TARGET = 15.5;
				MARKETING_VERSION = 1.0;
				PRODUCT_BUNDLE_IDENTIFIER = witty89.TealiumBallinStatCalculator;
				PRODUCT_NAME = "$(TARGET_NAME)";
				REGISTER_APP_GROUPS = YES;
				SDKROOT = auto;
				SUPPORTED_PLATFORMS = "iphoneos iphonesimulator macosx xros xrsimulator";
				SWIFT_EMIT_LOC_STRINGS = YES;
				SWIFT_VERSION = 5.0;
				TARGETED_DEVICE_FAMILY = "1,2,7";
				XROS_DEPLOYMENT_TARGET = 2.5;
			};
			name = Debug;
		};
		FA9351822F5930A8006A1BDD /* Release */ = {
			isa = XCBuildConfiguration;
			buildSettings = {
				ASSETCATALOG_COMPILER_APPICON_NAME = AppIcon;
				ASSETCATALOG_COMPILER_GLOBAL_ACCENT_COLOR_NAME = AccentColor;
				CODE_SIGN_ENTITLEMENTS = TealiumBallinStatCalculator/TealiumBallinStatCalculator.entitlements;
				CODE_SIGN_STYLE = Automatic;
				CURRENT_PROJECT_VERSION = 1;
				DEVELOPMENT_TEAM = 5HUASD7R65;
				ENABLE_HARDENED_RUNTIME = YES;
				ENABLE_PREVIEWS = YES;
				GENERATE_INFOPLIST_FILE = YES;
				"INFOPLIST_KEY_UIApplicationSceneManifest_Generation[sdk=iphoneos*]" = YES;
				"INFOPLIST_KEY_UIApplicationSceneManifest_Generation[sdk=iphonesimulator*]" = YES;
				"INFOPLIST_KEY_UIApplicationSupportsIndirectInputEvents[sdk=iphoneos*]" = YES;
				"INFOPLIST_KEY_UIApplicationSupportsIndirectInputEvents[sdk=iphonesimulator*]" = YES;
				"INFOPLIST_KEY_UILaunchScreen_Generation[sdk=iphoneos*]" = YES;
				"INFOPLIST_KEY_UILaunchScreen_Generation[sdk=iphonesimulator*]" = YES;
				"INFOPLIST_KEY_UIStatusBarStyle[sdk=iphoneos*]" = UIStatusBarStyleDefault;
				"INFOPLIST_KEY_UIStatusBarStyle[sdk=iphonesimulator*]" = UIStatusBarStyleDefault;
				INFOPLIST_KEY_UISupportedInterfaceOrientations_iPad = "UIInterfaceOrientationPortrait UIInterfaceOrientationPortraitUpsideDown UIInterfaceOrientationLandscapeLeft UIInterfaceOrientationLandscapeRight";
				INFOPLIST_KEY_UISupportedInterfaceOrientations_iPhone = "UIInterfaceOrientationPortrait UIInterfaceOrientationLandscapeLeft UIInterfaceOrientationLandscapeRight";
				IPHONEOS_DEPLOYMENT_TARGET = 18.5;
				LD_RUNPATH_SEARCH_PATHS = "@executable_path/Frameworks";
				"LD_RUNPATH_SEARCH_PATHS[sdk=macosx*]" = "@executable_path/../Frameworks";
				MACOSX_DEPLOYMENT_TARGET = 15.5;
				MARKETING_VERSION = 1.0;
				PRODUCT_BUNDLE_IDENTIFIER = witty89.TealiumBallinStatCalculator;
				PRODUCT_NAME = "$(TARGET_NAME)";
				REGISTER_APP_GROUPS = YES;
				SDKROOT = auto;
				SUPPORTED_PLATFORMS = "iphoneos iphonesimulator macosx xros xrsimulator";
				SWIFT_EMIT_LOC_STRINGS = YES;
				SWIFT_VERSION = 5.0;
				TARGETED_DEVICE_FAMILY = "1,2,7";
				XROS_DEPLOYMENT_TARGET = 2.5;
			};
			name = Release;
		};
		FA9351842F5930A8006A1BDD /* Debug */ = {
			isa = XCBuildConfiguration;
			buildSettings = {
				BUNDLE_LOADER = "$(TEST_HOST)";
				CODE_SIGN_STYLE = Automatic;
				CURRENT_PROJECT_VERSION = 1;
				DEVELOPMENT_TEAM = 5HUASD7R65;
				GENERATE_INFOPLIST_FILE = YES;
				IPHONEOS_DEPLOYMENT_TARGET = 18.5;
				MACOSX_DEPLOYMENT_TARGET = 15.5;
				MARKETING_VERSION = 1.0;
				PRODUCT_BUNDLE_IDENTIFIER = witty89.TealiumBallinStatCalculatorTests;
				PRODUCT_NAME = "$(TARGET_NAME)";
				SDKROOT = auto;
				SUPPORTED_PLATFORMS = "iphoneos iphonesimulator macosx xros xrsimulator";
				SWIFT_EMIT_LOC_STRINGS = NO;
				SWIFT_VERSION = 5.0;
				TARGETED_DEVICE_FAMILY = "1,2,7";
				TEST_HOST = "$(BUILT_PRODUCTS_DIR)/TealiumBallinStatCalculator.app/$(BUNDLE_EXECUTABLE_FOLDER_PATH)/TealiumBallinStatCalculator";
				XROS_DEPLOYMENT_TARGET = 2.5;
			};
			name = Debug;
		};
		FA9351852F5930A8006A1BDD /* Release */ = {
			isa = XCBuildConfiguration;
			buildSettings = {
				BUNDLE_LOADER = "$(TEST_HOST)";
				CODE_SIGN_STYLE = Automatic;
				CURRENT_PROJECT_VERSION = 1;
				DEVELOPMENT_TEAM = 5HUASD7R65;
				GENERATE_INFOPLIST_FILE = YES;
				IPHONEOS_DEPLOYMENT_TARGET = 18.5;
				MACOSX_DEPLOYMENT_TARGET = 15.5;
				MARKETING_VERSION = 1.0;
				PRODUCT_BUNDLE_IDENTIFIER = witty89.TealiumBallinStatCalculatorTests;
				PRODUCT_NAME = "$(TARGET_NAME)";
				SDKROOT = auto;
				SUPPORTED_PLATFORMS = "iphoneos iphonesimulator macosx xros xrsimulator";
				SWIFT_EMIT_LOC_STRINGS = NO;
				SWIFT_VERSION = 5.0;
				TARGETED_DEVICE_FAMILY = "1,2,7";
				TEST_HOST = "$(BUILT_PRODUCTS_DIR)/TealiumBallinStatCalculator.app/$(BUNDLE_EXECUTABLE_FOLDER_PATH)/TealiumBallinStatCalculator";
				XROS_DEPLOYMENT_TARGET = 2.5;
			};
			name = Release;
		};
		FA9351872F5930A8006A1BDD /* Debug */ = {
			isa = XCBuildConfiguration;
			buildSettings = {
				CODE_SIGN_STYLE = Automatic;
				CURRENT_PROJECT_VERSION = 1;
				DEVELOPMENT_TEAM = 5HUASD7R65;
				GENERATE_INFOPLIST_FILE = YES;
				IPHONEOS_DEPLOYMENT_TARGET = 18.5;
				MACOSX_DEPLOYMENT_TARGET = 15.5;
				MARKETING_VERSION = 1.0;
				PRODUCT_BUNDLE_IDENTIFIER = witty89.TealiumBallinStatCalculatorUITests;
				PRODUCT_NAME = "$(TARGET_NAME)";
				SDKROOT = auto;
				SUPPORTED_PLATFORMS = "iphoneos iphonesimulator macosx xros xrsimulator";
				SWIFT_EMIT_LOC_STRINGS = NO;
				SWIFT_VERSION = 5.0;
				TARGETED_DEVICE_FAMILY = "1,2,7";
				TEST_TARGET_NAME = TealiumBallinStatCalculator;
				XROS_DEPLOYMENT_TARGET = 2.5;
			};
			name = Debug;
		};
		FA9351882F5930A8006A1BDD /* Release */ = {
			isa = XCBuildConfiguration;
			buildSettings = {
				CODE_SIGN_STYLE = Automatic;
				CURRENT_PROJECT_VERSION = 1;
				DEVELOPMENT_TEAM = 5HUASD7R65;
				GENERATE_INFOPLIST_FILE = YES;
				IPHONEOS_DEPLOYMENT_TARGET = 18.5;
				MACOSX_DEPLOYMENT_TARGET = 15.5;
				MARKETING_VERSION = 1.0;
				PRODUCT_BUNDLE_IDENTIFIER = witty89.TealiumBallinStatCalculatorUITests;
				PRODUCT_NAME = "$(TARGET_NAME)";
				SDKROOT = auto;
				SUPPORTED_PLATFORMS = "iphoneos iphonesimulator macosx xros xrsimulator";
				SWIFT_EMIT_LOC_STRINGS = NO;
				SWIFT_VERSION = 5.0;
				TARGETED_DEVICE_FAMILY = "1,2,7";
				TEST_TARGET_NAME = TealiumBallinStatCalculator;
				XROS_DEPLOYMENT_TARGET = 2.5;
			};
			name = Release;
		};
/* End XCBuildConfiguration section */

/* Begin XCConfigurationList section */
		FA9351592F5930A6006A1BDD /* Build configuration list for PBXProject "TealiumBallinStatCalculator" */ = {
			isa = XCConfigurationList;
			buildConfigurations = (
				FA93517E2F5930A8006A1BDD /* Debug */,
				FA93517F2F5930A8006A1BDD /* Release */,
			);
			defaultConfigurationIsVisible = 0;
			defaultConfigurationName = Release;
		};
		FA9351802F5930A8006A1BDD /* Build configuration list for PBXNativeTarget "TealiumBallinStatCalculator" */ = {
			isa = XCConfigurationList;
			buildConfigurations = (
				FA9351812F5930A8006A1BDD /* Debug */,
				FA9351822F5930A8006A1BDD /* Release */,
			);
			defaultConfigurationIsVisible = 0;
			defaultConfigurationName = Release;
		};
		FA9351832F5930A8006A1BDD /* Build configuration list for PBXNativeTarget "TealiumBallinStatCalculatorTests" */ = {
			isa = XCConfigurationList;
			buildConfigurations = (
				FA9351842F5930A8006A1BDD /* Debug */,
				FA9351852F5930A8006A1BDD /* Release */,
			);
			defaultConfigurationIsVisible = 0;
			defaultConfigurationName = Release;
		};
		FA9351862F5930A8006A1BDD /* Build configuration list for PBXNativeTarget "TealiumBallinStatCalculatorUITests" */ = {
			isa = XCConfigurationList;
			buildConfigurations = (
				FA9351872F5930A8006A1BDD /* Debug */,
				FA9351882F5930A8006A1BDD /* Release */,
			);
			defaultConfigurationIsVisible = 0;
			defaultConfigurationName = Release;
		};
/* End XCConfigurationList section */
	};
	rootObject = FA9351562F5930A6006A1BDD /* Project object */;
}
